
Microsoft Visual Studio Solution File, Format Version 12.00
# Visual Studio Version 17
VisualStudioVersion = 17.5.002.0
MinimumVisualStudioVersion = 10.0.40219.1
Project("{9A19103F-16F7-4668-BE54-9A1E7A4F7556}") = "Task1", "Task1\Task1.csproj", "{592F65AA-E850-41E3-8327-56F4A99C1366}"
EndProject
Project("{9A19103F-16F7-4668-BE54-9A1E7A4F7556}") = "Task2", "Task2\Task2.csproj", "{8A828EED-50C3-4EC1-865A-43B576024F16}"
EndProject
Project("{9A19103F-16F7-4668-BE54-9A1E7A4F7556}") = "Task3", "Task3\Task3.csproj", "{DB5C1F02-8D61-4022-9A88-589584CD270C}"
EndProject
Project("{9A19103F-16F7-4668-BE54-9A1E7A4F7556}") = "Task4", "Task4\Task4.csproj", "{B85DA52A-65FE-48C9-B87B-A2B185A377D9}"
EndProject
Project("{9A19103F-16F7-4668-BE54-9A1E7A4F7556}") = "Task5", "Task5\Task5.csproj", "{7A6F307B-E9E5-4A35-894D-FAFD67785CC7}"
EndProject
Global
	GlobalSection(SolutionConfigurationPlatforms) = preSolution
		Debug|Any CPU = Debug|Any CPU
		Release|Any CPU = Release|Any CPU
	EndGlobalSection
	GlobalSection(ProjectConfigurationPlatforms) = postSolution
		{592F65AA-E850-41E3-8327-56F4A99C1366}.Debug|Any CPU.ActiveCfg = Debug|Any CPU
		{592F65AA-E850-41E3-8327-56F4A99C1366}.Debug|Any CPU.Build.0 = Debug|Any CPU
		{592F65AA-E850-41E3-8327-56F4A99C1366}.Release|Any CPU.ActiveCfg = Release|Any CPU
		{592F65AA-E850-41E3-8327-56F4A99C1366}.Release|Any CPU.Build.0 = Release|Any CPU
		{8A828EED-50C3-4EC1-865A-43B576024F16}.Debug|Any CPU.ActiveCfg = Debug|Any CPU
		{8A828EED-50C3-4EC1-865A-43B576024F16}.Debug|Any CPU.Build.0 = Debug|Any CPU
		{8A828EED-50C3-4EC1-865A-43B576024F16}.Release|Any CPU.ActiveCfg = Release|Any CPU
		{8A828EED-50C3-4EC1-865A-43B576024F16}.Release|Any CPU.Build.0 = Release|Any CPU
		{DB5C1F02-8D61-4022-9A88-589584CD270C}.Debug|Any CPU.ActiveCfg = Debug|Any CPU
		{DB5C1F02-8D61-4022-9A88-589584CD270C}.Debug|Any CPU.Build.0 = Debug|Any CPU
		{DB5C1F02-8D61-4022-9A88-589584CD270C}.Release|Any CPU.ActiveCfg = Release|Any CPU
		{DB5C1F02-8D61-4022-9A88-589584CD270C}.Release|Any CPU.Build.0 = Release|Any CPU
		{B85DA52A-65FE-48C9-B87B-A2B185A377D9}.Debug|Any CPU.ActiveCfg = Debug|Any CPU
		{B85DA52A-65FE-48C9-B87B-A2B185A377D9}.Debug|Any CPU.Build.0 = Debug|Any CPU
		{B85DA52A-65FE-48C9-B87B-A2B185A377D9}.Release|Any CPU.ActiveCfg = Release|Any CPU
		{B85DA52A-65FE-48C9-B87B-A2B185A377D9}.Release|Any CPU.Build.0 = Release|Any CPU
		{7A6F307B-E9E5-4A35-894D-FAFD67785CC7}.Debug|Any CPU.ActiveCfg = Debug|Any CPU
		{7A6F307B-E9E5-4A35-894D-FAFD67785CC7}.Debug|Any CPU.Build.0 = Debug|Any CPU
		{7A6F307B-E9E5-4A35-894D-FAFD67785CC7}.Release|Any CPU.ActiveCfg = Release|Any CPU
		{7A6F307B-E9E5-4A35-894D-FAFD67785CC7}.Release|Any CPU.Build.0 = Release|Any CPU
	EndGlobalSection
	GlobalSection(SolutionProperties) = preSolution
		HideSolutionNode = FALSE
	EndGlobalSection
	GlobalSection(ExtensibilityGlobals) = postSolution
		SolutionGuid = {D1706D2C-7DE1-49F5-87C4-835139CFC57A}
	EndGlobalSection
EndGlobal
